
Microsoft Visual Studio Solution File, Format Version 12.00
# Visual Studio 2012
Project("{FAE04EC0-301F-11D3-BF4B-00C04F79EFBC}") = "DeJsonTest", "DeJsonTest\DeJsonTest.csproj", "{594B7366-C725-4444-B0E2-6761DB942662}"
EndProject
Project("{FAE04EC0-301F-11D3-BF4B-00C04F79EFBC}") = "DeJson", "DeJson\DeJson.csproj", "{B76B7899-A02E-4E1A-8EC5-CA63ED3DBB04}"
EndProject
Global
	GlobalSection(SolutionConfigurationPlatforms) = preSolution
		Debug|Any CPU = Debug|Any CPU
		Release|Any CPU = Release|Any CPU
	EndGlobalSection
	GlobalSection(ProjectConfigurationPlatforms) = postSolution
		{594B7366-C725-4444-B0E2-6761DB942662}.Debug|Any CPU.ActiveCfg = Debug|Any CPU
		{594B7366-C725-4444-B0E2-6761DB942662}.Debug|Any CPU.Build.0 = Debug|Any CPU
		{594B7366-C725-4444-B0E2-6761DB942662}.Release|Any CPU.ActiveCfg = Release|Any CPU
		{594B7366-C725-4444-B0E2-6761DB942662}.Release|Any CPU.Build.0 = Release|Any CPU
		{B76B7899-A02E-4E1A-8EC5-CA63ED3DBB04}.Debug|Any CPU.ActiveCfg = Debug|Any CPU
		{B76B7899-A02E-4E1A-8EC5-CA63ED3DBB04}.Debug|Any CPU.Build.0 = Debug|Any CPU
		{B76B7899-A02E-4E1A-8EC5-CA63ED3DBB04}.Release|Any CPU.ActiveCfg = Release|Any CPU
		{B76B7899-A02E-4E1A-8EC5-CA63ED3DBB04}.Release|Any CPU.Build.0 = Release|Any CPU
	EndGlobalSection
EndGlobal
